{
  "name": "backend",
  "lockfileVersion": 3,
  "requires": true,
  "packages": {
    "": {
      "dependencies": {
        "dotenv": "...",
        "express": "...",
        "pg": "..."
      },
      "devDependencies": {
        "nodemon": "..."
      }
    },
    "...": {},
    "node_modules/dotenv": {
      "resolved": "...",
      "link": true
    },
    "node_modules/express": {
      "resolved": "...",
      "link": true
    },
    "node_modules/nodemon": {
      "resolved": "...",
      "link": true
    },
    "node_modules/pg": {
      "resolved": "...",
      "link": true
    }
  }
}
